// !$*UTF8*$!
{
	archiveVersion = 1;
	classes = {
	};
	objectVersion = 50;
	objects = {

/* Begin PBXBuildFile section */
		4ABBE697AE9D2E4ADE01FF8F /* Pods_Study_Case.framework in Frameworks */ = {isa = PBXBuildFile; fileRef = ED4836D2E7E84E976CC2035A /* Pods_Study_Case.framework */; };
		B08819D6222CEFA4005E460B /* VCLogin.swift in Sources */ = {isa = PBXBuildFile; fileRef = B08819D5222CEFA4005E460B /* VCLogin.swift */; };
		B0D1C3D92223D58E00FD2D1F /* AppDelegate.swift in Sources */ = {isa = PBXBuildFile; fileRef = B0D1C3D82223D58E00FD2D1F /* AppDelegate.swift */; };
		B0D1C3DB2223D58E00FD2D1F /* ViewController.swift in Sources */ = {isa = PBXBuildFile; fileRef = B0D1C3DA2223D58E00FD2D1F /* ViewController.swift */; };
		B0D1C3DE2223D58E00FD2D1F /* Main.storyboard in Resources */ = {isa = PBXBuildFile; fileRef = B0D1C3DC2223D58E00FD2D1F /* Main.storyboard */; };
		B0D1C3E02223D59900FD2D1F /* Assets.xcassets in Resources */ = {isa = PBXBuildFile; fileRef = B0D1C3DF2223D59900FD2D1F /* Assets.xcassets */; };
		B0D1C3E32223D59900FD2D1F /* LaunchScreen.storyboard in Resources */ = {isa = PBXBuildFile; fileRef = B0D1C3E12223D59900FD2D1F /* LaunchScreen.storyboard */; };
		B0D1C3FA2223DAA000FD2D1F /* Dummy.swift in Sources */ = {isa = PBXBuildFile; fileRef = B0D1C3F92223DAA000FD2D1F /* Dummy.swift */; };
/* End PBXBuildFile section */

/* Begin PBXFileReference section */
		7EA2D7A51F756155885C18DB /* Pods-Study Case.debug.xcconfig */ = {isa = PBXFileReference; includeInIndex = 1; lastKnownFileType = text.xcconfig; name = "Pods-Study Case.debug.xcconfig"; path = "Target Support Files/Pods-Study Case/Pods-Study Case.debug.xcconfig"; sourceTree = "<group>"; };
		B08819D5222CEFA4005E460B /* VCLogin.swift */ = {isa = PBXFileReference; lastKnownFileType = sourcecode.swift; path = VCLogin.swift; sourceTree = "<group>"; };
		B0D1C3D52223D58E00FD2D1F /* Study Case.app */ = {isa = PBXFileReference; explicitFileType = wrapper.application; includeInIndex = 0; path = "Study Case.app"; sourceTree = BUILT_PRODUCTS_DIR; };
		B0D1C3D82223D58E00FD2D1F /* AppDelegate.swift */ = {isa = PBXFileReference; lastKnownFileType = sourcecode.swift; path = AppDelegate.swift; sourceTree = "<group>"; };
		B0D1C3DA2223D58E00FD2D1F /* ViewController.swift */ = {isa = PBXFileReference; lastKnownFileType = sourcecode.swift; path = ViewController.swift; sourceTree = "<group>"; };
		B0D1C3DD2223D58E00FD2D1F /* Base */ = {isa = PBXFileReference; lastKnownFileType = file.storyboard; name = Base; path = Base.lproj/Main.storyboard; sourceTree = "<group>"; };
		B0D1C3DF2223D59900FD2D1F /* Assets.xcassets */ = {isa = PBXFileReference; lastKnownFileType = folder.assetcatalog; path = Assets.xcassets; sourceTree = "<group>"; };
		B0D1C3E22223D59900FD2D1F /* Base */ = {isa = PBXFileReference; lastKnownFileType = file.storyboard; name = Base; path = Base.lproj/LaunchScreen.storyboard; sourceTree = "<group>"; };
		B0D1C3E42223D59900FD2D1F /* Info.plist */ = {isa = PBXFileReference; lastKnownFileType = text.plist.xml; path = Info.plist; sourceTree = "<group>"; };
		B0D1C3F92223DAA000FD2D1F /* Dummy.swift */ = {isa = PBXFileReference; lastKnownFileType = sourcecode.swift; path = Dummy.swift; sourceTree = "<group>"; };
		ED4836D2E7E84E976CC2035A /* Pods_Study_Case.framework */ = {isa = PBXFileReference; explicitFileType = wrapper.framework; includeInIndex = 0; path = Pods_Study_Case.framework; sourceTree = BUILT_PRODUCTS_DIR; };
		F97472790CF6F56A8F3F9266 /* Pods-Study Case.release.xcconfig */ = {isa = PBXFileReference; includeInIndex = 1; lastKnownFileType = text.xcconfig; name = "Pods-Study Case.release.xcconfig"; path = "Target Support Files/Pods-Study Case/Pods-Study Case.release.xcconfig"; sourceTree = "<group>"; };
/* End PBXFileReference section */

/* Begin PBXFrameworksBuildPhase section */
		B0D1C3D22223D58E00FD2D1F /* Frameworks */ = {
			isa = PBXFrameworksBuildPhase;
			buildActionMask = 2147483647;
			files = (
				4ABBE697AE9D2E4ADE01FF8F /* Pods_Study_Case.framework in Frameworks */,
			);
			runOnlyForDeploymentPostprocessing = 0;
		};
/* End PBXFrameworksBuildPhase section */

/* Begin PBXGroup section */
		B0D1C3CC2223D58E00FD2D1F = {
			isa = PBXGroup;
			children = (
				B0D1C3D72223D58E00FD2D1F /* Study Case */,
				B0D1C3D62223D58E00FD2D1F /* Products */,
				F07044AFF07BB6C2D6D01677 /* Pods */,
				FC655484F3EF01096DE443B5 /* Frameworks */,
			);
			sourceTree = "<group>";
		};
		B0D1C3D62223D58E00FD2D1F /* Products */ = {
			isa = PBXGroup;
			children = (
				B0D1C3D52223D58E00FD2D1F /* Study Case.app */,
			);
			name = Products;
			sourceTree = "<group>";
		};
		B0D1C3D72223D58E00FD2D1F /* Study Case */ = {
			isa = PBXGroup;
			children = (
				B0D1C4002223DCC400FD2D1F /* Supporting Files */,
				B0D1C3FF2223DCBE00FD2D1F /* Controller */,
				B0D1C3FE2223DCB500FD2D1F /* View */,
				B0D1C3F62223DA3900FD2D1F /* Model */,
				B0D1C3DF2223D59900FD2D1F /* Assets.xcassets */,
			);
			path = "Study Case";
			sourceTree = "<group>";
		};
		B0D1C3F62223DA3900FD2D1F /* Model */ = {
			isa = PBXGroup;
			children = (
				B0D1C3F92223DAA000FD2D1F /* Dummy.swift */,
			);
			name = Model;
			sourceTree = "<group>";
		};
		B0D1C3FE2223DCB500FD2D1F /* View */ = {
			isa = PBXGroup;
			children = (
				B0D1C3DC2223D58E00FD2D1F /* Main.storyboard */,
				B0D1C3E12223D59900FD2D1F /* LaunchScreen.storyboard */,
			);
			name = View;
			sourceTree = "<group>";
		};
		B0D1C3FF2223DCBE00FD2D1F /* Controller */ = {
			isa = PBXGroup;
			children = (
				B0D1C3D82223D58E00FD2D1F /* AppDelegate.swift */,
				B0D1C3DA2223D58E00FD2D1F /* ViewController.swift */,
				B08819D5222CEFA4005E460B /* VCLogin.swift */,
			);
			name = Controller;
			sourceTree = "<group>";
		};
		B0D1C4002223DCC400FD2D1F /* Supporting Files */ = {
			isa = PBXGroup;
			children = (
				B0D1C3E42223D59900FD2D1F /* Info.plist */,
			);
			name = "Supporting Files";
			sourceTree = "<group>";
		};
		F07044AFF07BB6C2D6D01677 /* Pods */ = {
			isa = PBXGroup;
			children = (
				7EA2D7A51F756155885C18DB /* Pods-Study Case.debug.xcconfig */,
				F97472790CF6F56A8F3F9266 /* Pods-Study Case.release.xcconfig */,
			);
			path = Pods;
			sourceTree = "<group>";
		};
		FC655484F3EF01096DE443B5 /* Frameworks */ = {
			isa = PBXGroup;
			children = (
				ED4836D2E7E84E976CC2035A /* Pods_Study_Case.framework */,
			);
			name = Frameworks;
			sourceTree = "<group>";
		};
/* End PBXGroup section */

/* Begin PBXNativeTarget section */
		B0D1C3D42223D58E00FD2D1F /* Study Case */ = {
			isa = PBXNativeTarget;
			buildConfigurationList = B0D1C3E72223D59900FD2D1F /* Build configuration list for PBXNativeTarget "Study Case" */;
			buildPhases = (
				DDF3AED4CF4A68814BA12D02 /* [CP] Check Pods Manifest.lock */,
				B0D1C3D12223D58E00FD2D1F /* Sources */,
				B0D1C3D22223D58E00FD2D1F /* Frameworks */,
				B0D1C3D32223D58E00FD2D1F /* Resources */,
				67BFE59BBC9588133B4C056C /* [CP] Embed Pods Frameworks */,
			);
			buildRules = (
			);
			dependencies = (
			);
			name = "Study Case";
			productName = "Study Case";
			productReference = B0D1C3D52223D58E00FD2D1F /* Study Case.app */;
			productType = "com.apple.product-type.application";
		};
/* End PBXNativeTarget section */

/* Begin PBXProject section */
		B0D1C3CD2223D58E00FD2D1F /* Project object */ = {
			isa = PBXProject;
			attributes = {
				LastSwiftUpdateCheck = 1010;
				LastUpgradeCheck = 1010;
				ORGANIZATIONNAME = "Rudi Wijaya";
				TargetAttributes = {
					B0D1C3D42223D58E00FD2D1F = {
						CreatedOnToolsVersion = 10.1;
					};
				};
			};
			buildConfigurationList = B0D1C3D02223D58E00FD2D1F /* Build configuration list for PBXProject "Study Case" */;
			compatibilityVersion = "Xcode 9.3";
			developmentRegion = en;
			hasScannedForEncodings = 0;
			knownRegions = (
				en,
				Base,
			);
			mainGroup = B0D1C3CC2223D58E00FD2D1F;
			productRefGroup = B0D1C3D62223D58E00FD2D1F /* Products */;
			projectDirPath = "";
			projectRoot = "";
			targets = (
				B0D1C3D42223D58E00FD2D1F /* Study Case */,
			);
		};
/* End PBXProject section */

/* Begin PBXResourcesBuildPhase section */
		B0D1C3D32223D58E00FD2D1F /* Resources */ = {
			isa = PBXResourcesBuildPhase;
			buildActionMask = 2147483647;
			files = (
				B0D1C3E32223D59900FD2D1F /* LaunchScreen.storyboard in Resources */,
				B0D1C3E02223D59900FD2D1F /* Assets.xcassets in Resources */,
				B0D1C3DE2223D58E00FD2D1F /* Main.storyboard in Resources */,
			);
			runOnlyForDeploymentPostprocessing = 0;
		};
/* End PBXResourcesBuildPhase section */

/* Begin PBXShellScriptBuildPhase section */
		67BFE59BBC9588133B4C056C /* [CP] Embed Pods Frameworks */ = {
			isa = PBXShellScriptBuildPhase;
			buildActionMask = 2147483647;
			files = (
			);
			inputFileListPaths = (
			);
			inputPaths = (
				"${PODS_ROOT}/Target Support Files/Pods-Study Case/Pods-Study Case-frameworks.sh",
				"${BUILT_PRODUCTS_DIR}/Alamofire/Alamofire.framework",
				"${BUILT_PRODUCTS_DIR}/ChameleonFramework/ChameleonFramework.framework",
				"${BUILT_PRODUCTS_DIR}/SVProgressHUD/SVProgressHUD.framework",
				"${BUILT_PRODUCTS_DIR}/SwiftyJSON/SwiftyJSON.framework",
			);
			name = "[CP] Embed Pods Frameworks";
			outputFileListPaths = (
			);
			outputPaths = (
				"${TARGET_BUILD_DIR}/${FRAMEWORKS_FOLDER_PATH}/Alamofire.framework",
				"${TARGET_BUILD_DIR}/${FRAMEWORKS_FOLDER_PATH}/ChameleonFramework.framework",
				"${TARGET_BUILD_DIR}/${FRAMEWORKS_FOLDER_PATH}/SVProgressHUD.framework",
				"${TARGET_BUILD_DIR}/${FRAMEWORKS_FOLDER_PATH}/SwiftyJSON.framework",
			);
			runOnlyForDeploymentPostprocessing = 0;
			shellPath = /bin/sh;
			shellScript = "\"${PODS_ROOT}/Target Support Files/Pods-Study Case/Pods-Study Case-frameworks.sh\"\n";
			showEnvVarsInLog = 0;
		};
		DDF3AED4CF4A68814BA12D02 /* [CP] Check Pods Manifest.lock */ = {
			isa = PBXShellScriptBuildPhase;
			buildActionMask = 2147483647;
			files = (
			);
			inputFileListPaths = (
			);
			inputPaths = (
				"${PODS_PODFILE_DIR_PATH}/Podfile.lock",
				"${PODS_ROOT}/Manifest.lock",
			);
			name = "[CP] Check Pods Manifest.lock";
			outputFileListPaths = (
			);
			outputPaths = (
				"$(DERIVED_FILE_DIR)/Pods-Study Case-checkManifestLockResult.txt",
			);
			runOnlyForDeploymentPostprocessing = 0;
			shellPath = /bin/sh;
			shellScript = "diff \"${PODS_PODFILE_DIR_PATH}/Podfile.lock\" \"${PODS_ROOT}/Manifest.lock\" > /dev/null\nif [ $? != 0 ] ; then\n    # print error to STDERR\n    echo \"error: The sandbox is not in sync with the Podfile.lock. Run 'pod install' or update your CocoaPods installation.\" >&2\n    exit 1\nfi\n# This output is used by Xcode 'outputs' to avoid re-running this script phase.\necho \"SUCCESS\" > \"${SCRIPT_OUTPUT_FILE_0}\"\n";
			showEnvVarsInLog = 0;
		};
/* End PBXShellScriptBuildPhase section */

/* Begin PBXSourcesBuildPhase section */
		B0D1C3D12223D58E00FD2D1F /* Sources */ = {
			isa = PBXSourcesBuildPhase;
			buildActionMask = 2147483647;
			files = (
				B0D1C3DB2223D58E00FD2D1F /* ViewController.swift in Sources */,
				B0D1C3FA2223DAA000FD2D1F /* Dummy.swift in Sources */,
				B08819D6222CEFA4005E460B /* VCLogin.swift in Sources */,
				B0D1C3D92223D58E00FD2D1F /* AppDelegate.swift in Sources */,
			);
			runOnlyForDeploymentPostprocessing = 0;
		};
/* End PBXSourcesBuildPhase section */

/* Begin PBXVariantGroup section */
		B0D1C3DC2223D58E00FD2D1F /* Main.storyboard */ = {
			isa = PBXVariantGroup;
			children = (
				B0D1C3DD2223D58E00FD2D1F /* Base */,
			);
			name = Main.storyboard;
			sourceTree = "<group>";
		};
		B0D1C3E12223D59900FD2D1F /* LaunchScreen.storyboard */ = {
			isa = PBXVariantGroup;
			children = (
				B0D1C3E22223D59900FD2D1F /* Base */,
			);
			name = LaunchScreen.storyboard;
			sourceTree = "<group>";
		};
/* End PBXVariantGroup section */

/* Begin XCBuildConfiguration section */
		B0D1C3E52223D59900FD2D1F /* Debug */ = {
			isa = XCBuildConfiguration;
			buildSettings = {
				ALWAYS_SEARCH_USER_PATHS = NO;
				CLANG_ANALYZER_NONNULL = YES;
				CLANG_ANALYZER_NUMBER_OBJECT_CONVERSION = YES_AGGRESSIVE;
				CLANG_CXX_LANGUAGE_STANDARD = "gnu++14";
				CLANG_CXX_LIBRARY = "libc++";
				CLANG_ENABLE_MODULES = YES;
				CLANG_ENABLE_OBJC_ARC = YES;
				CLANG_ENABLE_OBJC_WEAK = YES;
				CLANG_WARN_BLOCK_CAPTURE_AUTORELEASING = YES;
				CLANG_WARN_BOOL_CONVERSION = YES;
				CLANG_WARN_COMMA = YES;
				CLANG_WARN_CONSTANT_CONVERSION = YES;
				CLANG_WARN_DEPRECATED_OBJC_IMPLEMENTATIONS = YES;
				CLANG_WARN_DIRECT_OBJC_ISA_USAGE = YES_ERROR;
				CLANG_WARN_DOCUMENTATION_COMMENTS = YES;
				CLANG_WARN_EMPTY_BODY = YES;
				CLANG_WARN_ENUM_CONVERSION = YES;
				CLANG_WARN_INFINITE_RECURSION = YES;
				CLANG_WARN_INT_CONVERSION = YES;
				CLANG_WARN_NON_LITERAL_NULL_CONVERSION = YES;
				CLANG_WARN_OBJC_IMPLICIT_RETAIN_SELF = YES;
				CLANG_WARN_OBJC_LITERAL_CONVERSION = YES;
				CLANG_WARN_OBJC_ROOT_CLASS = YES_ERROR;
				CLANG_WARN_RANGE_LOOP_ANALYSIS = YES;
				CLANG_WARN_STRICT_PROTOTYPES = YES;
				CLANG_WARN_SUSPICIOUS_MOVE = YES;
				CLANG_WARN_UNGUARDED_AVAILABILITY = YES_AGGRESSIVE;
				CLANG_WARN_UNREACHABLE_CODE = YES;
				CLANG_WARN__DUPLICATE_METHOD_MATCH = YES;
				CODE_SIGN_IDENTITY = "iPhone Developer";
				COPY_PHASE_STRIP = NO;
				DEBUG_INFORMATION_FORMAT = dwarf;
				ENABLE_STRICT_OBJC_MSGSEND = YES;
				ENABLE_TESTABILITY = YES;
				GCC_C_LANGUAGE_STANDARD = gnu11;
				GCC_DYNAMIC_NO_PIC = NO;
				GCC_NO_COMMON_BLOCKS = YES;
				GCC_OPTIMIZATION_LEVEL = 0;
				GCC_PREPROCESSOR_DEFINITIONS = (
					"DEBUG=1",
					"$(inherited)",
				);
				GCC_WARN_64_TO_32_BIT_CONVERSION = YES;
				GCC_WARN_ABOUT_RETURN_TYPE = YES_ERROR;
				GCC_WARN_UNDECLARED_SELECTOR = YES;
				GCC_WARN_UNINITIALIZED_AUTOS = YES_AGGRESSIVE;
				GCC_WARN_UNUSED_FUNCTION = YES;
				GCC_WARN_UNUSED_VARIABLE = YES;
				IPHONEOS_DEPLOYMENT_TARGET = 12.1;
				MTL_ENABLE_DEBUG_INFO = INCLUDE_SOURCE;
				MTL_FAST_MATH = YES;
				ONLY_ACTIVE_ARCH = YES;
				SDKROOT = iphoneos;
				SWIFT_ACTIVE_COMPILATION_CONDITIONS = DEBUG;
				SWIFT_OPTIMIZATION_LEVEL = "-Onone";
			};
			name = Debug;
		};
		B0D1C3E62223D59900FD2D1F /* Release */ = {
			isa = XCBuildConfiguration;
			buildSettings = {
				ALWAYS_SEARCH_USER_PATHS = NO;
				CLANG_ANALYZER_NONNULL = YES;
				CLANG_ANALYZER_NUMBER_OBJECT_CONVERSION = YES_AGGRESSIVE;
				CLANG_CXX_LANGUAGE_STANDARD = "gnu++14";
				CLANG_CXX_LIBRARY = "libc++";
				CLANG_ENABLE_MODULES = YES;
				CLANG_ENABLE_OBJC_ARC = YES;
				CLANG_ENABLE_OBJC_WEAK = YES;
				CLANG_WARN_BLOCK_CAPTURE_AUTORELEASING = YES;
				CLANG_WARN_BOOL_CONVERSION = YES;
				CLANG_WARN_COMMA = YES;
				CLANG_WARN_CONSTANT_CONVERSION = YES;
				CLANG_WARN_DEPRECATED_OBJC_IMPLEMENTATIONS = YES;
				CLANG_WARN_DIRECT_OBJC_ISA_USAGE = YES_ERROR;
				CLANG_WARN_DOCUMENTATION_COMMENTS = YES;
				CLANG_WARN_EMPTY_BODY = YES;
				CLANG_WARN_ENUM_CONVERSION = YES;
				CLANG_WARN_INFINITE_RECURSION = YES;
				CLANG_WARN_INT_CONVERSION = YES;
				CLANG_WARN_NON_LITERAL_NULL_CONVERSION = YES;
				CLANG_WARN_OBJC_IMPLICIT_RETAIN_SELF = YES;
				CLANG_WARN_OBJC_LITERAL_CONVERSION = YES;
				CLANG_WARN_OBJC_ROOT_CLASS = YES_ERROR;
				CLANG_WARN_RANGE_LOOP_ANALYSIS = YES;
				CLANG_WARN_STRICT_PROTOTYPES = YES;
				CLANG_WARN_SUSPICIOUS_MOVE = YES;
				CLANG_WARN_UNGUARDED_AVAILABILITY = YES_AGGRESSIVE;
				CLANG_WARN_UNREACHABLE_CODE = YES;
				CLANG_WARN__DUPLICATE_METHOD_MATCH = YES;
				CODE_SIGN_IDENTITY = "iPhone Developer";
				COPY_PHASE_STRIP = NO;
				DEBUG_INFORMATION_FORMAT = "dwarf-with-dsym";
				ENABLE_NS_ASSERTIONS = NO;
				ENABLE_STRICT_OBJC_MSGSEND = YES;
				GCC_C_LANGUAGE_STANDARD = gnu11;
				GCC_NO_COMMON_BLOCKS = YES;
				GCC_WARN_64_TO_32_BIT_CONVERSION = YES;
				GCC_WARN_ABOUT_RETURN_TYPE = YES_ERROR;
				GCC_WARN_UNDECLARED_SELECTOR = YES;
				GCC_WARN_UNINITIALIZED_AUTOS = YES_AGGRESSIVE;
				GCC_WARN_UNUSED_FUNCTION = YES;
				GCC_WARN_UNUSED_VARIABLE = YES;
				IPHONEOS_DEPLOYMENT_TARGET = 12.1;
				MTL_ENABLE_DEBUG_INFO = NO;
				MTL_FAST_MATH = YES;
				SDKROOT = iphoneos;
				SWIFT_COMPILATION_MODE = wholemodule;
				SWIFT_OPTIMIZATION_LEVEL = "-O";
				VALIDATE_PRODUCT = YES;
			};
			name = Release;
		};
		B0D1C3E82223D59900FD2D1F /* Debug */ = {
			isa = XCBuildConfiguration;
			baseConfigurationReference = 7EA2D7A51F756155885C18DB /* Pods-Study Case.debug.xcconfig */;
			buildSettings = {
				ASSETCATALOG_COMPILER_APPICON_NAME = AppIcon;
				CODE_SIGN_STYLE = Automatic;
				DEVELOPMENT_TEAM = QW2WAXRQD2;
				INFOPLIST_FILE = "Study Case/Info.plist";
				LD_RUNPATH_SEARCH_PATHS = (
					"$(inherited)",
					"@executable_path/Frameworks",
				);
				PRODUCT_BUNDLE_IDENTIFIER = "com.rudiwijaya.Study-Case";
				PRODUCT_NAME = "$(TARGET_NAME)";
				SWIFT_VERSION = 4.2;
				TARGETED_DEVICE_FAMILY = "1,2";
			};
			name = Debug;
		};
		B0D1C3E92223D59900FD2D1F /* Release */ = {
			isa = XCBuildConfiguration;
			baseConfigurationReference = F97472790CF6F56A8F3F9266 /* Pods-Study Case.release.xcconfig */;
			buildSettings = {
				ASSETCATALOG_COMPILER_APPICON_NAME = AppIcon;
				CODE_SIGN_STYLE = Automatic;
				DEVELOPMENT_TEAM = QW2WAXRQD2;
				INFOPLIST_FILE = "Study Case/Info.plist";
				LD_RUNPATH_SEARCH_PATHS = (
					"$(inherited)",
					"@executable_path/Frameworks",
				);
				PRODUCT_BUNDLE_IDENTIFIER = "com.rudiwijaya.Study-Case";
				PRODUCT_NAME = "$(TARGET_NAME)";
				SWIFT_VERSION = 4.2;
				TARGETED_DEVICE_FAMILY = "1,2";
			};
			name = Release;
		};
/* End XCBuildConfiguration section */

/* Begin XCConfigurationList section */
		B0D1C3D02223D58E00FD2D1F /* Build configuration list for PBXProject "Study Case" */ = {
			isa = XCConfigurationList;
			buildConfigurations = (
				B0D1C3E52223D59900FD2D1F /* Debug */,
				B0D1C3E62223D59900FD2D1F /* Release */,
			);
			defaultConfigurationIsVisible = 0;
			defaultConfigurationName = Release;
		};
		B0D1C3E72223D59900FD2D1F /* Build configuration list for PBXNativeTarget "Study Case" */ = {
			isa = XCConfigurationList;
			buildConfigurations = (
				B0D1C3E82223D59900FD2D1F /* Debug */,
				B0D1C3E92223D59900FD2D1F /* Release */,
			);
			defaultConfigurationIsVisible = 0;
			defaultConfigurationName = Release;
		};
/* End XCConfigurationList section */
	};
	rootObject = B0D1C3CD2223D58E00FD2D1F /* Project object */;
}
